
Microsoft Visual Studio Solution File, Format Version 12.00
# Visual Studio Version 16
VisualStudioVersion = 16.0.31313.381
MinimumVisualStudioVersion = 10.0.40219.1
Project("{8BC9CEB8-8B4A-11D0-8D11-00A0C91BC942}") = "fms_parse", "fms_parse.vcxproj", "{121282B1-B873-4BAC-8234-6D42686ABCCA}"
EndProject
Global
	GlobalSection(SolutionConfigurationPlatforms) = preSolution
		Debug|x64 = Debug|x64
		Debug|x86 = Debug|x86
		Release|x64 = Release|x64
		Release|x86 = Release|x86
	EndGlobalSection
	GlobalSection(ProjectConfigurationPlatforms) = postSolution
		{121282B1-B873-4BAC-8234-6D42686ABCCA}.Debug|x64.ActiveCfg = Debug|x64
		{121282B1-B873-4BAC-8234-6D42686ABCCA}.Debug|x64.Build.0 = Debug|x64
		{121282B1-B873-4BAC-8234-6D42686ABCCA}.Debug|x86.ActiveCfg = Debug|Win32
		{121282B1-B873-4BAC-8234-6D42686ABCCA}.Debug|x86.Build.0 = Debug|Win32
		{121282B1-B873-4BAC-8234-6D42686ABCCA}.Release|x64.ActiveCfg = Release|x64
		{121282B1-B873-4BAC-8234-6D42686ABCCA}.Release|x64.Build.0 = Release|x64
		{121282B1-B873-4BAC-8234-6D42686ABCCA}.Release|x86.ActiveCfg = Release|Win32
		{121282B1-B873-4BAC-8234-6D42686ABCCA}.Release|x86.Build.0 = Release|Win32
	EndGlobalSection
	GlobalSection(SolutionProperties) = preSolution
		HideSolutionNode = FALSE
	EndGlobalSection
	GlobalSection(ExtensibilityGlobals) = postSolution
		SolutionGuid = {A047DB8E-4E60-45F0-B03B-A8C8D677BE56}
	EndGlobalSection
EndGlobal
